// !$*UTF8*$!
{
	archiveVersion = 1;
	classes = {
	};
	objectVersion = 46;
	objects = {

/* Begin PBXBuildFile section */
		846E56071F88B31000200557 /* AppDelegate.swift in Sources */ = {isa = PBXBuildFile; fileRef = 846E56061F88B31000200557 /* AppDelegate.swift */; };
		846E56091F88B31000200557 /* ViewController.swift in Sources */ = {isa = PBXBuildFile; fileRef = 846E56081F88B31000200557 /* ViewController.swift */; };
		846E560C1F88B31000200557 /* Main.storyboard in Resources */ = {isa = PBXBuildFile; fileRef = 846E560A1F88B31000200557 /* Main.storyboard */; };
		846E560F1F88B31000200557 /* GITTest.xcdatamodeld in Sources */ = {isa = PBXBuildFile; fileRef = 846E560D1F88B31000200557 /* GITTest.xcdatamodeld */; };
		846E56111F88B31000200557 /* Assets.xcassets in Resources */ = {isa = PBXBuildFile; fileRef = 846E56101F88B31000200557 /* Assets.xcassets */; };
		846E56141F88B31000200557 /* LaunchScreen.storyboard in Resources */ = {isa = PBXBuildFile; fileRef = 846E56121F88B31000200557 /* LaunchScreen.storyboard */; };
/* End PBXBuildFile section */

/* Begin PBXFileReference section */
		846E56031F88B31000200557 /* GITTest.app */ = {isa = PBXFileReference; explicitFileType = wrapper.application; includeInIndex = 0; path = GITTest.app; sourceTree = BUILT_PRODUCTS_DIR; };
		846E56061F88B31000200557 /* AppDelegate.swift */ = {isa = PBXFileReference; lastKnownFileType = sourcecode.swift; path = AppDelegate.swift; sourceTree = "<group>"; };
		846E56081F88B31000200557 /* ViewController.swift */ = {isa = PBXFileReference; lastKnownFileType = sourcecode.swift; path = ViewController.swift; sourceTree = "<group>"; };
		846E560B1F88B31000200557 /* Base */ = {isa = PBXFileReference; lastKnownFileType = file.storyboard; name = Base; path = Base.lproj/Main.storyboard; sourceTree = "<group>"; };
		846E560E1F88B31000200557 /* GITTest.xcdatamodel */ = {isa = PBXFileReference; lastKnownFileType = wrapper.xcdatamodel; path = GITTest.xcdatamodel; sourceTree = "<group>"; };
		846E56101F88B31000200557 /* Assets.xcassets */ = {isa = PBXFileReference; lastKnownFileType = folder.assetcatalog; path = Assets.xcassets; sourceTree = "<group>"; };
		846E56131F88B31000200557 /* Base */ = {isa = PBXFileReference; lastKnownFileType = file.storyboard; name = Base; path = Base.lproj/LaunchScreen.storyboard; sourceTree = "<group>"; };
		846E56151F88B31000200557 /* Info.plist */ = {isa = PBXFileReference; lastKnownFileType = text.plist.xml; path = Info.plist; sourceTree = "<group>"; };
/* End PBXFileReference section */

/* Begin PBXFrameworksBuildPhase section */
		846E56001F88B31000200557 /* Frameworks */ = {
			isa = PBXFrameworksBuildPhase;
			buildActionMask = 2147483647;
			files = (
			);
			runOnlyForDeploymentPostprocessing = 0;
		};
/* End PBXFrameworksBuildPhase section */

/* Begin PBXGroup section */
		846E55FA1F88B31000200557 = {
			isa = PBXGroup;
			children = (
				846E56051F88B31000200557 /* GITTest */,
				846E56041F88B31000200557 /* Products */,
			);
			sourceTree = "<group>";
		};
		846E56041F88B31000200557 /* Products */ = {
			isa = PBXGroup;
			children = (
				846E56031F88B31000200557 /* GITTest.app */,
			);
			name = Products;
			sourceTree = "<group>";
		};
		846E56051F88B31000200557 /* GITTest */ = {
			isa = PBXGroup;
			children = (
				846E56061F88B31000200557 /* AppDelegate.swift */,
				846E56081F88B31000200557 /* ViewController.swift */,
				846E560A1F88B31000200557 /* Main.storyboard */,
				846E56101F88B31000200557 /* Assets.xcassets */,
				846E56121F88B31000200557 /* LaunchScreen.storyboard */,
				846E56151F88B31000200557 /* Info.plist */,
				846E560D1F88B31000200557 /* GITTest.xcdatamodeld */,
			);
			path = GITTest;
			sourceTree = "<group>";
		};
/* End PBXGroup section */

/* Begin PBXNativeTarget section */
		846E56021F88B31000200557 /* GITTest */ = {
			isa = PBXNativeTarget;
			buildConfigurationList = 846E56181F88B31000200557 /* Build configuration list for PBXNativeTarget "GITTest" */;
			buildPhases = (
				846E55FF1F88B31000200557 /* Sources */,
				846E56001F88B31000200557 /* Frameworks */,
				846E56011F88B31000200557 /* Resources */,
			);
			buildRules = (
			);
			dependencies = (
			);
			name = GITTest;
			productName = GITTest;
			productReference = 846E56031F88B31000200557 /* GITTest.app */;
			productType = "com.apple.product-type.application";
		};
/* End PBXNativeTarget section */

/* Begin PBXProject section */
		846E55FB1F88B31000200557 /* Project object */ = {
			isa = PBXProject;
			attributes = {
				LastSwiftUpdateCheck = 0830;
				LastUpgradeCheck = 0830;
				ORGANIZATIONNAME = "Odyssey Apps";
				TargetAttributes = {
					846E56021F88B31000200557 = {
						CreatedOnToolsVersion = 8.3.3;
						DevelopmentTeam = 2NE6K8Y839;
						ProvisioningStyle = Automatic;
					};
				};
			};
			buildConfigurationList = 846E55FE1F88B31000200557 /* Build configuration list for PBXProject "GITTest" */;
			compatibilityVersion = "Xcode 3.2";
			developmentRegion = English;
			hasScannedForEncodings = 0;
			knownRegions = (
				en,
				Base,
			);
			mainGroup = 846E55FA1F88B31000200557;
			productRefGroup = 846E56041F88B31000200557 /* Products */;
			projectDirPath = "";
			projectRoot = "";
			targets = (
				846E56021F88B31000200557 /* GITTest */,
			);
		};
/* End PBXProject section */

/* Begin PBXResourcesBuildPhase section */
		846E56011F88B31000200557 /* Resources */ = {
			isa = PBXResourcesBuildPhase;
			buildActionMask = 2147483647;
			files = (
				846E56141F88B31000200557 /* LaunchScreen.storyboard in Resources */,
				846E56111F88B31000200557 /* Assets.xcassets in Resources */,
				846E560C1F88B31000200557 /* Main.storyboard in Resources */,
			);
			runOnlyForDeploymentPostprocessing = 0;
		};
/* End PBXResourcesBuildPhase section */

/* Begin PBXSourcesBuildPhase section */
		846E55FF1F88B31000200557 /* Sources */ = {
			isa = PBXSourcesBuildPhase;
			buildActionMask = 2147483647;
			files = (
				846E560F1F88B31000200557 /* GITTest.xcdatamodeld in Sources */,
				846E56091F88B31000200557 /* ViewController.swift in Sources */,
				846E56071F88B31000200557 /* AppDelegate.swift in Sources */,
			);
			runOnlyForDeploymentPostprocessing = 0;
		};
/* End PBXSourcesBuildPhase section */

/* Begin PBXVariantGroup section */
		846E560A1F88B31000200557 /* Main.storyboard */ = {
			isa = PBXVariantGroup;
			children = (
				846E560B1F88B31000200557 /* Base */,
			);
			name = Main.storyboard;
			sourceTree = "<group>";
		};
		846E56121F88B31000200557 /* LaunchScreen.storyboard */ = {
			isa = PBXVariantGroup;
			children = (
				846E56131F88B31000200557 /* Base */,
			);
			name = LaunchScreen.storyboard;
			sourceTree = "<group>";
		};
/* End PBXVariantGroup section */

/* Begin XCBuildConfiguration section */
		846E56161F88B31000200557 /* Debug */ = {
			isa = XCBuildConfiguration;
			buildSettings = {
				ALWAYS_SEARCH_USER_PATHS = NO;
				CLANG_ANALYZER_NONNULL = YES;
				CLANG_ANALYZER_NUMBER_OBJECT_CONVERSION = YES_AGGRESSIVE;
				CLANG_CXX_LANGUAGE_STANDARD = "gnu++0x";
				CLANG_CXX_LIBRARY = "libc++";
				CLANG_ENABLE_MODULES = YES;
				CLANG_ENABLE_OBJC_ARC = YES;
				CLANG_WARN_BOOL_CONVERSION = YES;
				CLANG_WARN_CONSTANT_CONVERSION = YES;
				CLANG_WARN_DIRECT_OBJC_ISA_USAGE = YES_ERROR;
				CLANG_WARN_DOCUMENTATION_COMMENTS = YES;
				CLANG_WARN_EMPTY_BODY = YES;
				CLANG_WARN_ENUM_CONVERSION = YES;
				CLANG_WARN_INFINITE_RECURSION = YES;
				CLANG_WARN_INT_CONVERSION = YES;
				CLANG_WARN_OBJC_ROOT_CLASS = YES_ERROR;
				CLANG_WARN_SUSPICIOUS_MOVE = YES;
				CLANG_WARN_UNREACHABLE_CODE = YES;
				CLANG_WARN__DUPLICATE_METHOD_MATCH = YES;
				"CODE_SIGN_IDENTITY[sdk=iphoneos*]" = "iPhone Developer";
				COPY_PHASE_STRIP = NO;
				DEBUG_INFORMATION_FORMAT = dwarf;
				ENABLE_STRICT_OBJC_MSGSEND = YES;
				ENABLE_TESTABILITY = YES;
				GCC_C_LANGUAGE_STANDARD = gnu99;
				GCC_DYNAMIC_NO_PIC = NO;
				GCC_NO_COMMON_BLOCKS = YES;
				GCC_OPTIMIZATION_LEVEL = 0;
				GCC_PREPROCESSOR_DEFINITIONS = (
					"DEBUG=1",
					"$(inherited)",
				);
				GCC_WARN_64_TO_32_BIT_CONVERSION = YES;
				GCC_WARN_ABOUT_RETURN_TYPE = YES_ERROR;
				GCC_WARN_UNDECLARED_SELECTOR = YES;
				GCC_WARN_UNINITIALIZED_AUTOS = YES_AGGRESSIVE;
				GCC_WARN_UNUSED_FUNCTION = YES;
				GCC_WARN_UNUSED_VARIABLE = YES;
				IPHONEOS_DEPLOYMENT_TARGET = 10.3;
				MTL_ENABLE_DEBUG_INFO = YES;
				ONLY_ACTIVE_ARCH = YES;
				SDKROOT = iphoneos;
				SWIFT_ACTIVE_COMPILATION_CONDITIONS = DEBUG;
				SWIFT_OPTIMIZATION_LEVEL = "-Onone";
				TARGETED_DEVICE_FAMILY = "1,2";
			};
			name = Debug;
		};
		846E56171F88B31000200557 /* Release */ = {
			isa = XCBuildConfiguration;
			buildSettings = {
				ALWAYS_SEARCH_USER_PATHS = NO;
				CLANG_ANALYZER_NONNULL = YES;
				CLANG_ANALYZER_NUMBER_OBJECT_CONVERSION = YES_AGGRESSIVE;
				CLANG_CXX_LANGUAGE_STANDARD = "gnu++0x";
				CLANG_CXX_LIBRARY = "libc++";
				CLANG_ENABLE_MODULES = YES;
				CLANG_ENABLE_OBJC_ARC = YES;
				CLANG_WARN_BOOL_CONVERSION = YES;
				CLANG_WARN_CONSTANT_CONVERSION = YES;
				CLANG_WARN_DIRECT_OBJC_ISA_USAGE = YES_ERROR;
				CLANG_WARN_DOCUMENTATION_COMMENTS = YES;
				CLANG_WARN_EMPTY_BODY = YES;
				CLANG_WARN_ENUM_CONVERSION = YES;
				CLANG_WARN_INFINITE_RECURSION = YES;
				CLANG_WARN_INT_CONVERSION = YES;
				CLANG_WARN_OBJC_ROOT_CLASS = YES_ERROR;
				CLANG_WARN_SUSPICIOUS_MOVE = YES;
				CLANG_WARN_UNREACHABLE_CODE = YES;
				CLANG_WARN__DUPLICATE_METHOD_MATCH = YES;
				"CODE_SIGN_IDENTITY[sdk=iphoneos*]" = "iPhone Developer";
				COPY_PHASE_STRIP = NO;
				DEBUG_INFORMATION_FORMAT = "dwarf-with-dsym";
				ENABLE_NS_ASSERTIONS = NO;
				ENABLE_STRICT_OBJC_MSGSEND = YES;
				GCC_C_LANGUAGE_STANDARD = gnu99;
				GCC_NO_COMMON_BLOCKS = YES;
				GCC_WARN_64_TO_32_BIT_CONVERSION = YES;
				GCC_WARN_ABOUT_RETURN_TYPE = YES_ERROR;
				GCC_WARN_UNDECLARED_SELECTOR = YES;
				GCC_WARN_UNINITIALIZED_AUTOS = YES_AGGRESSIVE;
				GCC_WARN_UNUSED_FUNCTION = YES;
				GCC_WARN_UNUSED_VARIABLE = YES;
				IPHONEOS_DEPLOYMENT_TARGET = 10.3;
				MTL_ENABLE_DEBUG_INFO = NO;
				SDKROOT = iphoneos;
				SWIFT_OPTIMIZATION_LEVEL = "-Owholemodule";
				TARGETED_DEVICE_FAMILY = "1,2";
				VALIDATE_PRODUCT = YES;
			};
			name = Release;
		};
		846E56191F88B31000200557 /* Debug */ = {
			isa = XCBuildConfiguration;
			buildSettings = {
				ASSETCATALOG_COMPILER_APPICON_NAME = AppIcon;
				DEVELOPMENT_TEAM = 2NE6K8Y839;
				INFOPLIST_FILE = GITTest/Info.plist;
				LD_RUNPATH_SEARCH_PATHS = "$(inherited) @executable_path/Frameworks";
				PRODUCT_BUNDLE_IDENTIFIER = com.odysseyapps.GITTest;
				PRODUCT_NAME = "$(TARGET_NAME)";
				SWIFT_VERSION = 3.0;
			};
			name = Debug;
		};
		846E561A1F88B31000200557 /* Release */ = {
			isa = XCBuildConfiguration;
			buildSettings = {
				ASSETCATALOG_COMPILER_APPICON_NAME = AppIcon;
				DEVELOPMENT_TEAM = 2NE6K8Y839;
				INFOPLIST_FILE = GITTest/Info.plist;
				LD_RUNPATH_SEARCH_PATHS = "$(inherited) @executable_path/Frameworks";
				PRODUCT_BUNDLE_IDENTIFIER = com.odysseyapps.GITTest;
				PRODUCT_NAME = "$(TARGET_NAME)";
				SWIFT_VERSION = 3.0;
			};
			name = Release;
		};
/* End XCBuildConfiguration section */

/* Begin XCConfigurationList section */
		846E55FE1F88B31000200557 /* Build configuration list for PBXProject "GITTest" */ = {
			isa = XCConfigurationList;
			buildConfigurations = (
				846E56161F88B31000200557 /* Debug */,
				846E56171F88B31000200557 /* Release */,
			);
			defaultConfigurationIsVisible = 0;
			defaultConfigurationName = Release;
		};
		846E56181F88B31000200557 /* Build configuration list for PBXNativeTarget "GITTest" */ = {
			isa = XCConfigurationList;
			buildConfigurations = (
				846E56191F88B31000200557 /* Debug */,
				846E561A1F88B31000200557 /* Release */,
			);
			defaultConfigurationIsVisible = 0;
		};
/* End XCConfigurationList section */

/* Begin XCVersionGroup section */
		846E560D1F88B31000200557 /* GITTest.xcdatamodeld */ = {
			isa = XCVersionGroup;
			children = (
				846E560E1F88B31000200557 /* GITTest.xcdatamodel */,
			);
			currentVersion = 846E560E1F88B31000200557 /* GITTest.xcdatamodel */;
			path = GITTest.xcdatamodeld;
			sourceTree = "<group>";
			versionGroupType = wrapper.xcdatamodel;
		};
/* End XCVersionGroup section */
	};
	rootObject = 846E55FB1F88B31000200557 /* Project object */;
}
